
Microsoft Visual Studio Solution File, Format Version 12.00
# Visual Studio 15
VisualStudioVersion = 15.0.27004.2005
MinimumVisualStudioVersion = 10.0.40219.1
Project("{FAE04EC0-301F-11D3-BF4B-00C04F79EFBC}") = "DomoticProject", "DomoticProject\DomoticProject.csproj", "{D5349FE6-027D-4D42-B3E5-C8AAC6D9BE73}"
EndProject
Global
	GlobalSection(SolutionConfigurationPlatforms) = preSolution
		Debug|Any CPU = Debug|Any CPU
		Release|Any CPU = Release|Any CPU
	EndGlobalSection
	GlobalSection(ProjectConfigurationPlatforms) = postSolution
		{D5349FE6-027D-4D42-B3E5-C8AAC6D9BE73}.Debug|Any CPU.ActiveCfg = Debug|Any CPU
		{D5349FE6-027D-4D42-B3E5-C8AAC6D9BE73}.Debug|Any CPU.Build.0 = Debug|Any CPU
		{D5349FE6-027D-4D42-B3E5-C8AAC6D9BE73}.Release|Any CPU.ActiveCfg = Release|Any CPU
		{D5349FE6-027D-4D42-B3E5-C8AAC6D9BE73}.Release|Any CPU.Build.0 = Release|Any CPU
	EndGlobalSection
	GlobalSection(SolutionProperties) = preSolution
		HideSolutionNode = FALSE
	EndGlobalSection
	GlobalSection(ExtensibilityGlobals) = postSolution
		SolutionGuid = {295AA5D6-C8DC-41FF-BCB5-1CE454CCDC56}
	EndGlobalSection
EndGlobal
